
Microsoft Visual Studio Solution File, Format Version 12.00
# Visual Studio Version 16
VisualStudioVersion = 16.0.29009.5
MinimumVisualStudioVersion = 15.0.26124.0
Project("{2150E333-8FDC-42A3-9474-1A3956D46DE8}") = "src", "src", "{983849DD-3226-4874-81E9-03C8851E895D}"
EndProject
Project("{FAE04EC0-301F-11D3-BF4B-00C04F79EFBC}") = "ClozeMaker", "src\ClozeMaker\ClozeMaker.csproj", "{0850B93E-6DCF-409B-BE45-1DD61900DB70}"
EndProject
Global
	GlobalSection(SolutionConfigurationPlatforms) = preSolution
		Debug|Any CPU = Debug|Any CPU
		Release|Any CPU = Release|Any CPU
	EndGlobalSection
	GlobalSection(ProjectConfigurationPlatforms) = postSolution
		{0850B93E-6DCF-409B-BE45-1DD61900DB70}.Debug|Any CPU.ActiveCfg = Debug|Any CPU
		{0850B93E-6DCF-409B-BE45-1DD61900DB70}.Debug|Any CPU.Build.0 = Debug|Any CPU
		{0850B93E-6DCF-409B-BE45-1DD61900DB70}.Release|Any CPU.ActiveCfg = Release|Any CPU
		{0850B93E-6DCF-409B-BE45-1DD61900DB70}.Release|Any CPU.Build.0 = Release|Any CPU
	EndGlobalSection
	GlobalSection(SolutionProperties) = preSolution
		HideSolutionNode = FALSE
	EndGlobalSection
	GlobalSection(NestedProjects) = preSolution
		{0850B93E-6DCF-409B-BE45-1DD61900DB70} = {983849DD-3226-4874-81E9-03C8851E895D}
	EndGlobalSection
EndGlobal
